{
  "name": "ts_tests",
  "version": "1.0.0",
  "lockfileVersion": 3,
  "requires": true,
  "packages": {
    "": {
      "name": "ts_tests",
      "version": "1.0.0",
      "license": "CC0-1.0",
      "dependencies": {
        "quantumjs": "file:libs/quantumjs-0.1.0.tgz"
      },
      "devDependencies": {
        "typescript": "^5.5.3"
      }
    },
    "node_modules/quantumjs": {
      "version": "0.1.0",
      "resolved": "file:libs/quantumjs-0.1.0.tgz",
      "integrity": "sha512-YM9xww6efpv7isQDFV3LLw0jFrQRsD8VlYNOiug6gqp9XbM1g9R+l8XUyUYXJBA7u2OHjbEFNQaf4yaDxydwHA=="
    },
    "node_modules/typescript": {
      "version": "5.5.3",
      "resolved": "https://registry.npmjs.org/typescript/-/typescript-5.5.3.tgz",
      "integrity": "sha512-/hreyEujaB0w76zKo6717l3L0o/qEUtRgdvUBvlkhoWeOVMjMuHNHk0BRBzikzuGDqNmPQbg5ifMEqsHLiIUcQ==",
      "dev": true,
      "license": "Apache-2.0",
      "bin": {
        "tsc": "bin/tsc",
        "tsserver": "bin/tsserver"
      },
      "engines": {
        "node": ">=14.17"
      }
    }
  }
}
